{
  "originHash" : "0bb3393e12f1691d4ec9baa167736897c556b1f3b727f7da7dc2cf2cdef9172e",
  "pins" : [
    {
      "identity" : "clerk-ios",
      "kind" : "remoteSourceControl",
      "location" : "https://github.com/clerk/clerk-ios",
      "state" : {
        "revision" : "1b58165de0b6519ed3fb226f41763b354bca95d5",
        "version" : "1.5.1"
      }
    },
    {
      "identity" : "encrypted-http-body-protocol",
      "kind" : "remoteSourceControl",
      "location" : "https://github.com/tinfoilsh/encrypted-http-body-protocol.git",
      "state" : {
        "revision" : "8528a8dc5ad45c213f14f9bab46a748fda7e18cc",
        "version" : "0.3.2"
      }
    },
    {
      "identity" : "nuke",
      "kind" : "remoteSourceControl",
      "location" : "https://github.com/kean/Nuke.git",
      "state" : {
        "revision" : "30f7a7e72e0607d304fbf69c799474bd5fb6d1ce",
        "version" : "13.2.0"
      }
    },
    {
      "identity" : "openai-swift-fork",
      "kind" : "remoteSourceControl",
      "location" : "https://github.com/tinfoilsh/openai-swift-fork.git",
      "state" : {
        "revision" : "6e0b975ac142cafa3e3ce65b59a594a930cd45b6",
        "version" : "0.0.11"
      }
    },
    {
      "identity" : "phonenumberkit",
      "kind" : "remoteSourceControl",
      "location" : "https://github.com/PhoneNumberKit/PhoneNumberKit",
      "state" : {
        "revision" : "cf2f1df6f2fe8b49701f4b43f0e97c7bd113d034",
        "version" : "5.0.8"
      }
    },
    {
      "identity" : "purchases-ios-spm",
      "kind" : "remoteSourceControl",
      "location" : "https://github.com/RevenueCat/purchases-ios-spm.git",
      "state" : {
        "revision" : "b65cae4f227be800c57cb9700dbd94f2aa5409b2",
        "version" : "5.87.1"
      }
    },
    {
      "identity" : "sentry-cocoa",
      "kind" : "remoteSourceControl",
      "location" : "https://github.com/getsentry/sentry-cocoa/",
      "state" : {
        "revision" : "a00a9784fff7193cbb0f9fae509fec8107e07744",
        "version" : "9.26.1"
      }
    },
    {
      "identity" : "swift-asn1",
      "kind" : "remoteSourceControl",
      "location" : "https://github.com/apple/swift-asn1.git",
      "state" : {
        "revision" : "a9a5efd40eaf558a2bcd48d64b1d1646be686008",
        "version" : "1.7.1"
      }
    },
    {
      "identity" : "swift-concurrency-extras",
      "kind" : "remoteSourceControl",
      "location" : "https://github.com/pointfreeco/swift-concurrency-extras",
      "state" : {
        "revision" : "5fa253428866f2360c3754e88537f700ed2656b5",
        "version" : "1.4.1"
      }
    },
    {
      "identity" : "swift-crypto",
      "kind" : "remoteSourceControl",
      "location" : "https://github.com/apple/swift-crypto.git",
      "state" : {
        "revision" : "95ba0316a9b733e92bb6b071255ff46263bbe7dc",
        "version" : "3.15.1"
      }
    },
    {
      "identity" : "swift-http-types",
      "kind" : "remoteSourceControl",
      "location" : "https://github.com/apple/swift-http-types",
      "state" : {
        "revision" : "db774a277f60063a32d854f2980299caf06da041",
        "version" : "1.6.0"
      }
    },
    {
      "identity" : "swift-openapi-runtime",
      "kind" : "remoteSourceControl",
      "location" : "https://github.com/apple/swift-openapi-runtime",
      "state" : {
        "revision" : "3d3a8457661daf7fb260ceeb9f0e24e5204ba5fb",
        "version" : "1.12.0"
      }
    },
    {
      "identity" : "swiftmath",
      "kind" : "remoteSourceControl",
      "location" : "https://github.com/mgriebling/SwiftMath",
      "state" : {
        "revision" : "fa8244ed032f4a1ade4cb0571bf87d2f1a9fd2d7",
        "version" : "1.7.3"
      }
    },
    {
      "identity" : "swiftui-math",
      "kind" : "remoteSourceControl",
      "location" : "https://github.com/gonzalezreal/swiftui-math",
      "state" : {
        "revision" : "0b5c2cfaaec8d6193db206f675048eeb5ce95f71",
        "version" : "0.1.0"
      }
    },
    {
      "identity" : "textual",
      "kind" : "remoteSourceControl",
      "location" : "https://github.com/tinfoilsh/textual",
      "state" : {
        "revision" : "5b20cd9fc3a06a326cf97fd3c5b8a1dfa3ca2c38",
        "version" : "0.0.11"
      }
    },
    {
      "identity" : "tinfoil-passkey-kit",
      "kind" : "remoteSourceControl",
      "location" : "https://github.com/tinfoilsh/tinfoil-passkey-kit",
      "state" : {
        "revision" : "7315910e37ed37466772bf57bb017d4a26c3353d",
        "version" : "0.2.1"
      }
    },
    {
      "identity" : "tinfoil-swift",
      "kind" : "remoteSourceControl",
      "location" : "https://github.com/tinfoilsh/tinfoil-swift",
      "state" : {
        "revision" : "7718b9a13f96f040aa2a82559a6b15941d1b0be1",
        "version" : "0.7.2"
      }
    }
  ],
  "version" : 3
}
