// !$*UTF8*$!
{
	archiveVersion = 1;
	classes = {
	};
	objectVersion = 77;
	objects = {

/* Begin PBXBuildFile section */
		99F154692F4F60C500E9174E /* ClerkKit in Frameworks */ = {isa = PBXBuildFile; productRef = 99F154682F4F60C500E9174E /* ClerkKit */; };
		99F1546B2F4F60C500E9174E /* ClerkKitUI in Frameworks */ = {isa = PBXBuildFile; productRef = 99F1546A2F4F60C500E9174E /* ClerkKitUI */; };
		99F154702F4F610000E9174E /* SwiftMath in Frameworks */ = {isa = PBXBuildFile; productRef = 99F1546F2F4F610000E9174E /* SwiftMath */; };
		99F154732F4F611A00E9174E /* TinfoilAI in Frameworks */ = {isa = PBXBuildFile; productRef = 99F154722F4F611A00E9174E /* TinfoilAI */; };
		99F154762F4F612600E9174E /* Highlightr in Frameworks */ = {isa = PBXBuildFile; productRef = 99F154752F4F612600E9174E /* Highlightr */; };
		99F154792F4F613700E9174E /* MarkdownUI in Frameworks */ = {isa = PBXBuildFile; productRef = 99F154782F4F613700E9174E /* MarkdownUI */; };
		99F1547C2F4F614400E9174E /* Gzip in Frameworks */ = {isa = PBXBuildFile; productRef = 99F1547B2F4F614400E9174E /* Gzip */; };
		99F154822F4F632500E9174E /* Sentry in Frameworks */ = {isa = PBXBuildFile; productRef = 99F154812F4F632500E9174E /* Sentry */; };
		99F154842F4F632E00E9174E /* RevenueCat in Frameworks */ = {isa = PBXBuildFile; productRef = 99F154832F4F632E00E9174E /* RevenueCat */; };
		99F154862F4F633400E9174E /* RevenueCatUI in Frameworks */ = {isa = PBXBuildFile; productRef = 99F154852F4F633400E9174E /* RevenueCatUI */; };
/* End PBXBuildFile section */

/* Begin PBXFileReference section */
		99F153C22F4F5F0200E9174E /* TinfoilChat.app */ = {isa = PBXFileReference; explicitFileType = wrapper.application; includeInIndex = 0; path = TinfoilChat.app; sourceTree = BUILT_PRODUCTS_DIR; };
/* End PBXFileReference section */

/* Begin PBXFileSystemSynchronizedBuildFileExceptionSet section */
		99F1547E2F4F622400E9174E /* Exceptions for "TinfoilChat" folder in "TinfoilChat" target */ = {
			isa = PBXFileSystemSynchronizedBuildFileExceptionSet;
			membershipExceptions = (
				Info.plist,
			);
			target = 99F153C12F4F5F0200E9174E /* TinfoilChat */;
		};
/* End PBXFileSystemSynchronizedBuildFileExceptionSet section */

/* Begin PBXFileSystemSynchronizedRootGroup section */
		99F153C42F4F5F0200E9174E /* TinfoilChat */ = {
			isa = PBXFileSystemSynchronizedRootGroup;
			exceptions = (
				99F1547E2F4F622400E9174E /* Exceptions for "TinfoilChat" folder in "TinfoilChat" target */,
			);
			path = TinfoilChat;
			sourceTree = "<group>";
		};
/* End PBXFileSystemSynchronizedRootGroup section */

/* Begin PBXFrameworksBuildPhase section */
		99F153BF2F4F5F0200E9174E /* Frameworks */ = {
			isa = PBXFrameworksBuildPhase;
			buildActionMask = 2147483647;
			files = (
				99F154762F4F612600E9174E /* Highlightr in Frameworks */,
				99F154732F4F611A00E9174E /* TinfoilAI in Frameworks */,
				99F1547C2F4F614400E9174E /* Gzip in Frameworks */,
				99F154822F4F632500E9174E /* Sentry in Frameworks */,
				99F154692F4F60C500E9174E /* ClerkKit in Frameworks */,
				99F154842F4F632E00E9174E /* RevenueCat in Frameworks */,
				99F154792F4F613700E9174E /* MarkdownUI in Frameworks */,
				99F1546B2F4F60C500E9174E /* ClerkKitUI in Frameworks */,
				99F154862F4F633400E9174E /* RevenueCatUI in Frameworks */,
				99F154702F4F610000E9174E /* SwiftMath in Frameworks */,
			);
			runOnlyForDeploymentPostprocessing = 0;
		};
/* End PBXFrameworksBuildPhase section */

/* Begin PBXGroup section */
		99F153B92F4F5F0200E9174E = {
			isa = PBXGroup;
			children = (
				99F153C42F4F5F0200E9174E /* TinfoilChat */,
				99F154802F4F632500E9174E /* Frameworks */,
				99F153C32F4F5F0200E9174E /* Products */,
			);
			sourceTree = "<group>";
		};
		99F153C32F4F5F0200E9174E /* Products */ = {
			isa = PBXGroup;
			children = (
				99F153C22F4F5F0200E9174E /* TinfoilChat.app */,
			);
			name = Products;
			sourceTree = "<group>";
		};
		99F154802F4F632500E9174E /* Frameworks */ = {
			isa = PBXGroup;
			children = (
			);
			name = Frameworks;
			sourceTree = "<group>";
		};
/* End PBXGroup section */

/* Begin PBXNativeTarget section */
		99F153C12F4F5F0200E9174E /* TinfoilChat */ = {
			isa = PBXNativeTarget;
			buildConfigurationList = 99F153CD2F4F5F0300E9174E /* Build configuration list for PBXNativeTarget "TinfoilChat" */;
			buildPhases = (
				99F153BE2F4F5F0200E9174E /* Sources */,
				99F153BF2F4F5F0200E9174E /* Frameworks */,
				99F153C02F4F5F0200E9174E /* Resources */,
				99F1547D2F4F615600E9174E /* ShellScript */,
			);
			buildRules = (
			);
			dependencies = (
			);
			fileSystemSynchronizedGroups = (
				99F153C42F4F5F0200E9174E /* TinfoilChat */,
			);
			name = TinfoilChat;
			packageProductDependencies = (
				99F154682F4F60C500E9174E /* ClerkKit */,
				99F1546A2F4F60C500E9174E /* ClerkKitUI */,
				99F1546F2F4F610000E9174E /* SwiftMath */,
				99F154722F4F611A00E9174E /* TinfoilAI */,
				99F154752F4F612600E9174E /* Highlightr */,
				99F154782F4F613700E9174E /* MarkdownUI */,
				99F1547B2F4F614400E9174E /* Gzip */,
				99F154812F4F632500E9174E /* Sentry */,
				99F154832F4F632E00E9174E /* RevenueCat */,
				99F154852F4F633400E9174E /* RevenueCatUI */,
			);
			productName = TinfoilChat;
			productReference = 99F153C22F4F5F0200E9174E /* TinfoilChat.app */;
			productType = "com.apple.product-type.application";
		};
/* End PBXNativeTarget section */

/* Begin PBXProject section */
		99F153BA2F4F5F0200E9174E /* Project object */ = {
			isa = PBXProject;
			attributes = {
				BuildIndependentTargetsInParallel = 1;
				LastSwiftUpdateCheck = 2620;
				LastUpgradeCheck = 2620;
				TargetAttributes = {
					99F153C12F4F5F0200E9174E = {
						CreatedOnToolsVersion = 26.2;
					};
				};
			};
			buildConfigurationList = 99F153BD2F4F5F0200E9174E /* Build configuration list for PBXProject "TinfoilChat" */;
			developmentRegion = en;
			hasScannedForEncodings = 0;
			knownRegions = (
				en,
				Base,
			);
			mainGroup = 99F153B92F4F5F0200E9174E;
			minimizedProjectReferenceProxies = 1;
			packageReferences = (
				99F154672F4F60C500E9174E /* XCRemoteSwiftPackageReference "clerk-ios" */,
				99F1546C2F4F60E900E9174E /* XCRemoteSwiftPackageReference "sentry-cocoa" */,
				99F1546D2F4F60F600E9174E /* XCRemoteSwiftPackageReference "purchases-ios-spm" */,
				99F1546E2F4F610000E9174E /* XCRemoteSwiftPackageReference "SwiftMath" */,
				99F154712F4F611A00E9174E /* XCRemoteSwiftPackageReference "tinfoil-swift" */,
				99F154742F4F612600E9174E /* XCRemoteSwiftPackageReference "Highlightr" */,
				99F154772F4F613700E9174E /* XCRemoteSwiftPackageReference "swift-markdown-ui" */,
				99F1547A2F4F614400E9174E /* XCRemoteSwiftPackageReference "GzipSwift" */,
			);
			preferredProjectObjectVersion = 77;
			productRefGroup = 99F153C32F4F5F0200E9174E /* Products */;
			projectDirPath = "";
			projectRoot = "";
			targets = (
				99F153C12F4F5F0200E9174E /* TinfoilChat */,
			);
		};
/* End PBXProject section */

/* Begin PBXResourcesBuildPhase section */
		99F153C02F4F5F0200E9174E /* Resources */ = {
			isa = PBXResourcesBuildPhase;
			buildActionMask = 2147483647;
			files = (
			);
			runOnlyForDeploymentPostprocessing = 0;
		};
/* End PBXResourcesBuildPhase section */

/* Begin PBXShellScriptBuildPhase section */
		99F1547D2F4F615600E9174E /* ShellScript */ = {
			isa = PBXShellScriptBuildPhase;
			buildActionMask = 2147483647;
			files = (
			);
			inputFileListPaths = (
			);
			inputPaths = (
				"${DWARF_DSYM_FOLDER_PATH}/${DWARF_DSYM_FILE_NAME}/Contents/Resources/DWARF/${TARGET_NAME}",
			);
			outputFileListPaths = (
			);
			outputPaths = (
			);
			runOnlyForDeploymentPostprocessing = 0;
			shellPath = /bin/sh;
			shellScript = "# This script is responsible for uploading debug symbols and source context for Sentry.\nif which sentry-cli >/dev/null; then\nexport SENTRY_ORG=tinfoil\nexport SENTRY_PROJECT=mobile-ios\nERROR=$(sentry-cli debug-files upload --include-sources \"$DWARF_DSYM_FOLDER_PATH\" 2>&1 >/dev/null)\nif [ ! $? -eq 0 ]; then\necho \"warning: sentry-cli - $ERROR\"\nfi\nelse\necho \"warning: sentry-cli not installed, download from https://github.com/getsentry/sentry-cli/releases\"\nfi\n";
		};
/* End PBXShellScriptBuildPhase section */

/* Begin PBXSourcesBuildPhase section */
		99F153BE2F4F5F0200E9174E /* Sources */ = {
			isa = PBXSourcesBuildPhase;
			buildActionMask = 2147483647;
			files = (
			);
			runOnlyForDeploymentPostprocessing = 0;
		};
/* End PBXSourcesBuildPhase section */

/* Begin XCBuildConfiguration section */
		99F153CB2F4F5F0300E9174E /* Debug */ = {
			isa = XCBuildConfiguration;
			buildSettings = {
				ALWAYS_SEARCH_USER_PATHS = NO;
				ASSETCATALOG_COMPILER_GENERATE_SWIFT_ASSET_SYMBOL_EXTENSIONS = YES;
				CLANG_ANALYZER_NONNULL = YES;
				CLANG_ANALYZER_NUMBER_OBJECT_CONVERSION = YES_AGGRESSIVE;
				CLANG_CXX_LANGUAGE_STANDARD = "gnu++20";
				CLANG_ENABLE_MODULES = YES;
				CLANG_ENABLE_OBJC_ARC = YES;
				CLANG_ENABLE_OBJC_WEAK = YES;
				CLANG_WARN_BLOCK_CAPTURE_AUTORELEASING = YES;
				CLANG_WARN_BOOL_CONVERSION = YES;
				CLANG_WARN_COMMA = YES;
				CLANG_WARN_CONSTANT_CONVERSION = YES;
				CLANG_WARN_DEPRECATED_OBJC_IMPLEMENTATIONS = YES;
				CLANG_WARN_DIRECT_OBJC_ISA_USAGE = YES_ERROR;
				CLANG_WARN_DOCUMENTATION_COMMENTS = YES;
				CLANG_WARN_EMPTY_BODY = YES;
				CLANG_WARN_ENUM_CONVERSION = YES;
				CLANG_WARN_INFINITE_RECURSION = YES;
				CLANG_WARN_INT_CONVERSION = YES;
				CLANG_WARN_NON_LITERAL_NULL_CONVERSION = YES;
				CLANG_WARN_OBJC_IMPLICIT_RETAIN_SELF = YES;
				CLANG_WARN_OBJC_LITERAL_CONVERSION = YES;
				CLANG_WARN_OBJC_ROOT_CLASS = YES_ERROR;
				CLANG_WARN_QUOTED_INCLUDE_IN_FRAMEWORK_HEADER = YES;
				CLANG_WARN_RANGE_LOOP_ANALYSIS = YES;
				CLANG_WARN_STRICT_PROTOTYPES = YES;
				CLANG_WARN_SUSPICIOUS_MOVE = YES;
				CLANG_WARN_UNGUARDED_AVAILABILITY = YES_AGGRESSIVE;
				CLANG_WARN_UNREACHABLE_CODE = YES;
				CLANG_WARN__DUPLICATE_METHOD_MATCH = YES;
				COPY_PHASE_STRIP = NO;
				DEBUG_INFORMATION_FORMAT = dwarf;
				DEVELOPMENT_TEAM = 8KSH668LZT;
				ENABLE_STRICT_OBJC_MSGSEND = YES;
				ENABLE_TESTABILITY = YES;
				ENABLE_USER_SCRIPT_SANDBOXING = YES;
				GCC_C_LANGUAGE_STANDARD = gnu17;
				GCC_DYNAMIC_NO_PIC = NO;
				GCC_NO_COMMON_BLOCKS = YES;
				GCC_OPTIMIZATION_LEVEL = 0;
				GCC_PREPROCESSOR_DEFINITIONS = (
					"DEBUG=1",
					"$(inherited)",
				);
				GCC_WARN_64_TO_32_BIT_CONVERSION = YES;
				GCC_WARN_ABOUT_RETURN_TYPE = YES_ERROR;
				GCC_WARN_UNDECLARED_SELECTOR = YES;
				GCC_WARN_UNINITIALIZED_AUTOS = YES_AGGRESSIVE;
				GCC_WARN_UNUSED_FUNCTION = YES;
				GCC_WARN_UNUSED_VARIABLE = YES;
				LOCALIZATION_PREFERS_STRING_CATALOGS = YES;
				MTL_ENABLE_DEBUG_INFO = INCLUDE_SOURCE;
				MTL_FAST_MATH = YES;
				ONLY_ACTIVE_ARCH = YES;
				SWIFT_ACTIVE_COMPILATION_CONDITIONS = "DEBUG $(inherited)";
				SWIFT_OPTIMIZATION_LEVEL = "-Onone";
			};
			name = Debug;
		};
		99F153CC2F4F5F0300E9174E /* Release */ = {
			isa = XCBuildConfiguration;
			buildSettings = {
				ALWAYS_SEARCH_USER_PATHS = NO;
				ASSETCATALOG_COMPILER_GENERATE_SWIFT_ASSET_SYMBOL_EXTENSIONS = YES;
				CLANG_ANALYZER_NONNULL = YES;
				CLANG_ANALYZER_NUMBER_OBJECT_CONVERSION = YES_AGGRESSIVE;
				CLANG_CXX_LANGUAGE_STANDARD = "gnu++20";
				CLANG_ENABLE_MODULES = YES;
				CLANG_ENABLE_OBJC_ARC = YES;
				CLANG_ENABLE_OBJC_WEAK = YES;
				CLANG_WARN_BLOCK_CAPTURE_AUTORELEASING = YES;
				CLANG_WARN_BOOL_CONVERSION = YES;
				CLANG_WARN_COMMA = YES;
				CLANG_WARN_CONSTANT_CONVERSION = YES;
				CLANG_WARN_DEPRECATED_OBJC_IMPLEMENTATIONS = YES;
				CLANG_WARN_DIRECT_OBJC_ISA_USAGE = YES_ERROR;
				CLANG_WARN_DOCUMENTATION_COMMENTS = YES;
				CLANG_WARN_EMPTY_BODY = YES;
				CLANG_WARN_ENUM_CONVERSION = YES;
				CLANG_WARN_INFINITE_RECURSION = YES;
				CLANG_WARN_INT_CONVERSION = YES;
				CLANG_WARN_NON_LITERAL_NULL_CONVERSION = YES;
				CLANG_WARN_OBJC_IMPLICIT_RETAIN_SELF = YES;
				CLANG_WARN_OBJC_LITERAL_CONVERSION = YES;
				CLANG_WARN_OBJC_ROOT_CLASS = YES_ERROR;
				CLANG_WARN_QUOTED_INCLUDE_IN_FRAMEWORK_HEADER = YES;
				CLANG_WARN_RANGE_LOOP_ANALYSIS = YES;
				CLANG_WARN_STRICT_PROTOTYPES = YES;
				CLANG_WARN_SUSPICIOUS_MOVE = YES;
				CLANG_WARN_UNGUARDED_AVAILABILITY = YES_AGGRESSIVE;
				CLANG_WARN_UNREACHABLE_CODE = YES;
				CLANG_WARN__DUPLICATE_METHOD_MATCH = YES;
				COPY_PHASE_STRIP = NO;
				DEBUG_INFORMATION_FORMAT = "dwarf-with-dsym";
				DEVELOPMENT_TEAM = 8KSH668LZT;
				ENABLE_NS_ASSERTIONS = NO;
				ENABLE_STRICT_OBJC_MSGSEND = YES;
				ENABLE_USER_SCRIPT_SANDBOXING = YES;
				GCC_C_LANGUAGE_STANDARD = gnu17;
				GCC_NO_COMMON_BLOCKS = YES;
				GCC_WARN_64_TO_32_BIT_CONVERSION = YES;
				GCC_WARN_ABOUT_RETURN_TYPE = YES_ERROR;
				GCC_WARN_UNDECLARED_SELECTOR = YES;
				GCC_WARN_UNINITIALIZED_AUTOS = YES_AGGRESSIVE;
				GCC_WARN_UNUSED_FUNCTION = YES;
				GCC_WARN_UNUSED_VARIABLE = YES;
				LOCALIZATION_PREFERS_STRING_CATALOGS = YES;
				MTL_ENABLE_DEBUG_INFO = NO;
				MTL_FAST_MATH = YES;
				SWIFT_COMPILATION_MODE = wholemodule;
			};
			name = Release;
		};
		99F153CE2F4F5F0300E9174E /* Debug */ = {
			isa = XCBuildConfiguration;
			buildSettings = {
				ASSETCATALOG_COMPILER_APPICON_NAME = "tinfoil-glass";
				ASSETCATALOG_COMPILER_INCLUDE_ALL_APPICON_ASSETS = YES;
				CODE_SIGN_ENTITLEMENTS = TinfoilChat/TinfoilChatDebug.entitlements;
				CODE_SIGN_IDENTITY = "Apple Development";
				CODE_SIGN_STYLE = Automatic;
				CURRENT_PROJECT_VERSION = 1;
				DEBUG_INFORMATION_FORMAT = "dwarf-with-dsym";
				DEVELOPMENT_TEAM = 8KSH668LZT;
				ENABLE_PREVIEWS = YES;
				ENABLE_USER_SCRIPT_SANDBOXING = NO;
				GENERATE_INFOPLIST_FILE = YES;
				INFOPLIST_FILE = TinfoilChat/Info.plist;
				INFOPLIST_KEY_CFBundleDisplayName = "Tinfoil Chat";
				INFOPLIST_KEY_ITSAppUsesNonExemptEncryption = NO;
				INFOPLIST_KEY_LSApplicationCategoryType = "public.app-category.productivity";
				INFOPLIST_KEY_NSMicrophoneUsageDescription = "Tinfoil needs access to your microphone to support speech-to-text.";
				INFOPLIST_KEY_UIApplicationSceneManifest_Generation = YES;
				INFOPLIST_KEY_UIApplicationSupportsIndirectInputEvents = YES;
				INFOPLIST_KEY_UIStatusBarHidden = YES;
				INFOPLIST_KEY_UISupportedInterfaceOrientations = UIInterfaceOrientationPortrait;
				INFOPLIST_KEY_UISupportedInterfaceOrientations_iPad = "UIInterfaceOrientationLandscapeLeft UIInterfaceOrientationLandscapeRight UIInterfaceOrientationPortrait UIInterfaceOrientationPortraitUpsideDown";
				IPHONEOS_DEPLOYMENT_TARGET = 18.0;
				LD_RUNPATH_SEARCH_PATHS = (
					"$(inherited)",
					"@executable_path/Frameworks",
				);
				MARKETING_VERSION = 2.0.2;
				PRODUCT_BUNDLE_IDENTIFIER = sh.tinfoil.TinfoilChat;
				PRODUCT_NAME = "$(TARGET_NAME)";
				PROVISIONING_PROFILE_SPECIFIER = "";
				REGISTER_APP_GROUPS = YES;
				SDKROOT = iphoneos;
				SUPPORTED_PLATFORMS = "iphoneos iphonesimulator";
				SUPPORTS_MACCATALYST = NO;
				SUPPORTS_MAC_DESIGNED_FOR_IPHONE_IPAD = YES;
				SUPPORTS_XR_DESIGNED_FOR_IPHONE_IPAD = NO;
				SWIFT_EMIT_LOC_STRINGS = YES;
				SWIFT_VERSION = 5.0;
				TARGETED_DEVICE_FAMILY = "1,2";
			};
			name = Debug;
		};
		99F153CF2F4F5F0300E9174E /* Release */ = {
			isa = XCBuildConfiguration;
			buildSettings = {
				ASSETCATALOG_COMPILER_APPICON_NAME = "tinfoil-glass";
				ASSETCATALOG_COMPILER_INCLUDE_ALL_APPICON_ASSETS = YES;
				CODE_SIGN_ENTITLEMENTS = TinfoilChat/TinfoilChatRelease.entitlements;
				CODE_SIGN_IDENTITY = "Apple Development";
				CODE_SIGN_STYLE = Automatic;
				CURRENT_PROJECT_VERSION = 1;
				DEBUG_INFORMATION_FORMAT = "dwarf-with-dsym";
				DEVELOPMENT_TEAM = 8KSH668LZT;
				ENABLE_PREVIEWS = YES;
				ENABLE_USER_SCRIPT_SANDBOXING = NO;
				GENERATE_INFOPLIST_FILE = YES;
				INFOPLIST_FILE = TinfoilChat/Info.plist;
				INFOPLIST_KEY_CFBundleDisplayName = "Tinfoil Chat";
				INFOPLIST_KEY_ITSAppUsesNonExemptEncryption = NO;
				INFOPLIST_KEY_LSApplicationCategoryType = "public.app-category.productivity";
				INFOPLIST_KEY_NSMicrophoneUsageDescription = "Tinfoil needs access to your microphone to support speech-to-text.";
				INFOPLIST_KEY_UIApplicationSceneManifest_Generation = YES;
				INFOPLIST_KEY_UIApplicationSupportsIndirectInputEvents = YES;
				INFOPLIST_KEY_UIStatusBarHidden = YES;
				INFOPLIST_KEY_UISupportedInterfaceOrientations = UIInterfaceOrientationPortrait;
				INFOPLIST_KEY_UISupportedInterfaceOrientations_iPad = "UIInterfaceOrientationLandscapeLeft UIInterfaceOrientationLandscapeRight UIInterfaceOrientationPortrait UIInterfaceOrientationPortraitUpsideDown";
				IPHONEOS_DEPLOYMENT_TARGET = 18.0;
				LD_RUNPATH_SEARCH_PATHS = (
					"$(inherited)",
					"@executable_path/Frameworks",
				);
				MARKETING_VERSION = 2.0.2;
				PRODUCT_BUNDLE_IDENTIFIER = sh.tinfoil.TinfoilChat;
				PRODUCT_NAME = "$(TARGET_NAME)";
				PROVISIONING_PROFILE_SPECIFIER = "";
				REGISTER_APP_GROUPS = YES;
				SDKROOT = iphoneos;
				SUPPORTED_PLATFORMS = "iphoneos iphonesimulator";
				SUPPORTS_MACCATALYST = NO;
				SUPPORTS_MAC_DESIGNED_FOR_IPHONE_IPAD = YES;
				SUPPORTS_XR_DESIGNED_FOR_IPHONE_IPAD = NO;
				SWIFT_EMIT_LOC_STRINGS = YES;
				SWIFT_VERSION = 5.0;
				TARGETED_DEVICE_FAMILY = "1,2";
			};
			name = Release;
		};
/* End XCBuildConfiguration section */

/* Begin XCConfigurationList section */
		99F153BD2F4F5F0200E9174E /* Build configuration list for PBXProject "TinfoilChat" */ = {
			isa = XCConfigurationList;
			buildConfigurations = (
				99F153CB2F4F5F0300E9174E /* Debug */,
				99F153CC2F4F5F0300E9174E /* Release */,
			);
			defaultConfigurationIsVisible = 0;
			defaultConfigurationName = Release;
		};
		99F153CD2F4F5F0300E9174E /* Build configuration list for PBXNativeTarget "TinfoilChat" */ = {
			isa = XCConfigurationList;
			buildConfigurations = (
				99F153CE2F4F5F0300E9174E /* Debug */,
				99F153CF2F4F5F0300E9174E /* Release */,
			);
			defaultConfigurationIsVisible = 0;
			defaultConfigurationName = Release;
		};
/* End XCConfigurationList section */

/* Begin XCRemoteSwiftPackageReference section */
		99F154672F4F60C500E9174E /* XCRemoteSwiftPackageReference "clerk-ios" */ = {
			isa = XCRemoteSwiftPackageReference;
			repositoryURL = "https://github.com/clerk/clerk-ios";
			requirement = {
				kind = upToNextMajorVersion;
				minimumVersion = 1.0.3;
			};
		};
		99F1546C2F4F60E900E9174E /* XCRemoteSwiftPackageReference "sentry-cocoa" */ = {
			isa = XCRemoteSwiftPackageReference;
			repositoryURL = "https://github.com/getsentry/sentry-cocoa/";
			requirement = {
				kind = upToNextMajorVersion;
				minimumVersion = 9.5.1;
			};
		};
		99F1546D2F4F60F600E9174E /* XCRemoteSwiftPackageReference "purchases-ios-spm" */ = {
			isa = XCRemoteSwiftPackageReference;
			repositoryURL = "https://github.com/RevenueCat/purchases-ios-spm.git";
			requirement = {
				kind = upToNextMajorVersion;
				minimumVersion = 5.59.2;
			};
		};
		99F1546E2F4F610000E9174E /* XCRemoteSwiftPackageReference "SwiftMath" */ = {
			isa = XCRemoteSwiftPackageReference;
			repositoryURL = "https://github.com/mgriebling/SwiftMath";
			requirement = {
				kind = upToNextMajorVersion;
				minimumVersion = 1.7.3;
			};
		};
		99F154712F4F611A00E9174E /* XCRemoteSwiftPackageReference "tinfoil-swift" */ = {
			isa = XCRemoteSwiftPackageReference;
			repositoryURL = "https://github.com/tinfoilsh/tinfoil-swift";
			requirement = {
				branch = main;
				kind = branch;
			};
		};
		99F154742F4F612600E9174E /* XCRemoteSwiftPackageReference "Highlightr" */ = {
			isa = XCRemoteSwiftPackageReference;
			repositoryURL = "https://github.com/raspu/Highlightr";
			requirement = {
				kind = upToNextMajorVersion;
				minimumVersion = 2.3.0;
			};
		};
		99F154772F4F613700E9174E /* XCRemoteSwiftPackageReference "swift-markdown-ui" */ = {
			isa = XCRemoteSwiftPackageReference;
			repositoryURL = "https://github.com/tinfoilsh/swift-markdown-ui";
			requirement = {
				branch = main;
				kind = branch;
			};
		};
		99F1547A2F4F614400E9174E /* XCRemoteSwiftPackageReference "GzipSwift" */ = {
			isa = XCRemoteSwiftPackageReference;
			repositoryURL = "https://github.com/1024jp/GzipSwift";
			requirement = {
				kind = upToNextMajorVersion;
				minimumVersion = 6.1.0;
			};
		};
/* End XCRemoteSwiftPackageReference section */

/* Begin XCSwiftPackageProductDependency section */
		99F154682F4F60C500E9174E /* ClerkKit */ = {
			isa = XCSwiftPackageProductDependency;
			package = 99F154672F4F60C500E9174E /* XCRemoteSwiftPackageReference "clerk-ios" */;
			productName = ClerkKit;
		};
		99F1546A2F4F60C500E9174E /* ClerkKitUI */ = {
			isa = XCSwiftPackageProductDependency;
			package = 99F154672F4F60C500E9174E /* XCRemoteSwiftPackageReference "clerk-ios" */;
			productName = ClerkKitUI;
		};
		99F1546F2F4F610000E9174E /* SwiftMath */ = {
			isa = XCSwiftPackageProductDependency;
			package = 99F1546E2F4F610000E9174E /* XCRemoteSwiftPackageReference "SwiftMath" */;
			productName = SwiftMath;
		};
		99F154722F4F611A00E9174E /* TinfoilAI */ = {
			isa = XCSwiftPackageProductDependency;
			package = 99F154712F4F611A00E9174E /* XCRemoteSwiftPackageReference "tinfoil-swift" */;
			productName = TinfoilAI;
		};
		99F154752F4F612600E9174E /* Highlightr */ = {
			isa = XCSwiftPackageProductDependency;
			package = 99F154742F4F612600E9174E /* XCRemoteSwiftPackageReference "Highlightr" */;
			productName = Highlightr;
		};
		99F154782F4F613700E9174E /* MarkdownUI */ = {
			isa = XCSwiftPackageProductDependency;
			package = 99F154772F4F613700E9174E /* XCRemoteSwiftPackageReference "swift-markdown-ui" */;
			productName = MarkdownUI;
		};
		99F1547B2F4F614400E9174E /* Gzip */ = {
			isa = XCSwiftPackageProductDependency;
			package = 99F1547A2F4F614400E9174E /* XCRemoteSwiftPackageReference "GzipSwift" */;
			productName = Gzip;
		};
		99F154812F4F632500E9174E /* Sentry */ = {
			isa = XCSwiftPackageProductDependency;
			package = 99F1546C2F4F60E900E9174E /* XCRemoteSwiftPackageReference "sentry-cocoa" */;
			productName = Sentry;
		};
		99F154832F4F632E00E9174E /* RevenueCat */ = {
			isa = XCSwiftPackageProductDependency;
			package = 99F1546D2F4F60F600E9174E /* XCRemoteSwiftPackageReference "purchases-ios-spm" */;
			productName = RevenueCat;
		};
		99F154852F4F633400E9174E /* RevenueCatUI */ = {
			isa = XCSwiftPackageProductDependency;
			package = 99F1546D2F4F60F600E9174E /* XCRemoteSwiftPackageReference "purchases-ios-spm" */;
			productName = RevenueCatUI;
		};
/* End XCSwiftPackageProductDependency section */
	};
	rootObject = 99F153BA2F4F5F0200E9174E /* Project object */;
}
